{
  "name": "kschema-fs-api-gen-get-actions",
  "version": "1.8.12",
  "lockfileVersion": 3,
  "requires": true,
  "packages": {
    "": {
      "name": "kschema-fs-api-gen-get-actions",
      "version": "1.8.12",
      "dependencies": {
        "express-fix-endpoints-get-js": "^1.5.11",
        "kschema-fs-api-gen-rest": "^1.8.2"
      },
      "bin": {
        "kschema-fs-api-gen-post-actions": "bin/cli.js"
      }
    },
    "node_modules/express-check-any-for-import": {
      "version": "1.4.6",
      "resolved": "https://registry.npmjs.org/express-check-any-for-import/-/express-check-any-for-import-1.4.6.tgz",
      "integrity": "sha512-+CNuG52HYG83vrwTZz4E7xK3B7Gb5ZFPHVnznzCUAOgO4S+MWCHtV/+pJw/jvb/XnD0k/nZP30HSEOn3JLYt5w==",
      "bin": {
        "express-check-any-for-import": "bin/cli.js"
      }
    },
    "node_modules/express-fix-any-js": {
      "version": "1.7.7",
      "resolved": "https://registry.npmjs.org/express-fix-any-js/-/express-fix-any-js-1.7.7.tgz",
      "integrity": "sha512-evGKLmx/wy0sFjoqE5zMWKId2TQ0fRGMQ0OZ2XlTzE49K9jSsm2qcHshVK/tT33XrRWDvALpBrZ7yuGufWzvbg==",
      "dependencies": {
        "express-check-any-for-import": "^1.4.6"
      },
      "bin": {
        "express-fix-any-js": "bin/cli.js"
      }
    },
    "node_modules/express-fix-endpoints-get-js": {
      "version": "1.5.11",
      "resolved": "https://registry.npmjs.org/express-fix-endpoints-get-js/-/express-fix-endpoints-get-js-1.5.11.tgz",
      "integrity": "sha512-ZTNllTsQL7ACqpL4/M+TbZHGiKunxrKB3n5DK/jLAUkdAJHId7bv2QNg4w+TWxTpOg6NUVeNQN3aYPqQl2SXCQ==",
      "dependencies": {
        "express-fix-any-js": "^1.7.7"
      },
      "bin": {
        "express-fix-endpoints-get-js": "bin/cli.js"
      }
    },
    "node_modules/ks1/express-check-any-for-import": {
      "extraneous": true
    },
    "node_modules/kschema-fs-api-gen-rest": {
      "version": "1.8.2",
      "resolved": "https://registry.npmjs.org/kschema-fs-api-gen-rest/-/kschema-fs-api-gen-rest-1.8.2.tgz",
      "integrity": "sha512-R/2BlxoClc3+RuQD1WOOeqafJ39Uuy8iWcdWHPj1JKNT4QD5NgCxi8UGwVpg/AYZdA02KY6o/h21MRAaZoR7AQ=="
    }
  }
}
