{
  "name": "kschema-fs-api-gen-get-actions",
  "version": "1.8.11",
  "lockfileVersion": 3,
  "requires": true,
  "packages": {
    "": {
      "name": "kschema-fs-api-gen-get-actions",
      "version": "1.8.11",
      "dependencies": {
        "express-fix-endpoints-get-js": "^1.5.10",
        "kschema-fs-api-gen-rest": "^1.8.2"
      },
      "bin": {
        "kschema-fs-api-gen-post-actions": "bin/cli.js"
      }
    },
    "node_modules/express-check-any-for-import": {
      "version": "1.4.3",
      "resolved": "https://registry.npmjs.org/express-check-any-for-import/-/express-check-any-for-import-1.4.3.tgz",
      "integrity": "sha512-ZhCd9NjKB8S6tFVx4k83Ow93XM5Z+Sr1uW0D7lHj127mA6qaQ6AaOKNxv1m4782Kiu6gCn91k76x4H0BLagMxg==",
      "bin": {
        "express-check-any-for-import": "bin/cli.js"
      }
    },
    "node_modules/express-fix-any-js": {
      "version": "1.7.5",
      "resolved": "https://registry.npmjs.org/express-fix-any-js/-/express-fix-any-js-1.7.5.tgz",
      "integrity": "sha512-+wZPVsnRcSc83c6rS8NyH99PoBBO/EnBkIf6DHp1uM1x7rsR9ua+N7STyFpcoJoKhFbOEdPzLbdWpZf1vdTTTg==",
      "dependencies": {
        "express-check-any-for-import": "^1.4.3"
      },
      "bin": {
        "express-fix-any-js": "bin/cli.js"
      }
    },
    "node_modules/express-fix-endpoints-get-js": {
      "version": "1.5.10",
      "resolved": "https://registry.npmjs.org/express-fix-endpoints-get-js/-/express-fix-endpoints-get-js-1.5.10.tgz",
      "integrity": "sha512-UmQtq82lrBxl456fpeNSAHfD8fBI3myCLvnqcLCaod5raPX31Q2UeRbHIFnHr5tnv+nQmBBNFVWB1CBDP+ZY2A==",
      "dependencies": {
        "express-fix-any-js": "^1.7.5"
      },
      "bin": {
        "express-fix-endpoints-get-js": "bin/cli.js"
      }
    },
    "node_modules/ks1/express-check-any-for-import": {
      "extraneous": true
    },
    "node_modules/kschema-fs-api-gen-rest": {
      "version": "1.8.2",
      "resolved": "https://registry.npmjs.org/kschema-fs-api-gen-rest/-/kschema-fs-api-gen-rest-1.8.2.tgz",
      "integrity": "sha512-R/2BlxoClc3+RuQD1WOOeqafJ39Uuy8iWcdWHPj1JKNT4QD5NgCxi8UGwVpg/AYZdA02KY6o/h21MRAaZoR7AQ=="
    }
  }
}
