{
  "name": "kschema-fs-api-gen-get-actions",
  "version": "1.8.10",
  "lockfileVersion": 3,
  "requires": true,
  "packages": {
    "": {
      "name": "kschema-fs-api-gen-get-actions",
      "version": "1.8.10",
      "dependencies": {
        "express-fix-endpoints-get-js": "^1.5.9",
        "kschema-fs-api-gen-rest": "^1.8.2"
      },
      "bin": {
        "kschema-fs-api-gen-post-actions": "bin/cli.js"
      }
    },
    "node_modules/express-check-any-for-import": {
      "resolved": "node_modules/ks1/express-check-any-for-import",
      "link": true
    },
    "node_modules/express-fix-any-js": {
      "version": "1.7.2",
      "resolved": "https://registry.npmjs.org/express-fix-any-js/-/express-fix-any-js-1.7.2.tgz",
      "integrity": "sha512-L00Vm5AntNhsmprb3CNwwxG76TjInlLI1iZPMAGD7XBZs38jWDudtnuqsTATdJL555dtz3SxYdSiUc7uZ2VLHA==",
      "dependencies": {
        "express-check-any-for-import": "file:../ks1/express-check-any-for-import"
      },
      "bin": {
        "express-fix-any-js": "bin/cli.js"
      }
    },
    "node_modules/express-fix-endpoints-get-js": {
      "version": "1.5.9",
      "resolved": "https://registry.npmjs.org/express-fix-endpoints-get-js/-/express-fix-endpoints-get-js-1.5.9.tgz",
      "integrity": "sha512-31+C7keqzq5rm85YVc7bkOxhYBMqZc1CD1+H1Zfm/HQkmqkQhMI2JUnk3pVS+07tizWYx/6uNOrvmHVHvGoYZw==",
      "dependencies": {
        "express-fix-any-js": "^1.7.2"
      },
      "bin": {
        "express-fix-endpoints-get-js": "bin/cli.js"
      }
    },
    "node_modules/ks1/express-check-any-for-import": {},
    "node_modules/kschema-fs-api-gen-rest": {
      "version": "1.8.2",
      "resolved": "https://registry.npmjs.org/kschema-fs-api-gen-rest/-/kschema-fs-api-gen-rest-1.8.2.tgz",
      "integrity": "sha512-R/2BlxoClc3+RuQD1WOOeqafJ39Uuy8iWcdWHPj1JKNT4QD5NgCxi8UGwVpg/AYZdA02KY6o/h21MRAaZoR7AQ=="
    }
  }
}
